
Microsoft Visual Studio Solution File, Format Version 12.00
# Visual Studio Version 17
VisualStudioVersion = 17.7.34031.279
MinimumVisualStudioVersion = 10.0.40219.1
Project("{9A19103F-16F7-4668-BE54-9A1E7A4F7556}") = "Demo", "Demo\Demo.csproj", "{948844C0-7F18-4184-9498-2E5F4E4CEE9F}"
EndProject
Project("{9A19103F-16F7-4668-BE54-9A1E7A4F7556}") = "Demo.Entities", "Demo.Entities\Demo.Entities.csproj", "{6B3BB64C-12D5-49D2-8425-38F50D67C9A2}"
EndProject
Project("{9A19103F-16F7-4668-BE54-9A1E7A4F7556}") = "Demo.Repositories", "Demo.Repositories\Demo.Repositories.csproj", "{EA6C2250-6776-4D19-82D7-DD343BC6E3CD}"
EndProject
Project("{9A19103F-16F7-4668-BE54-9A1E7A4F7556}") = "Demo.Services", "Demo.Services\Demo.Services.csproj", "{77FAE294-4B7D-40AE-8A66-FB368F20DA78}"
EndProject
Project("{9A19103F-16F7-4668-BE54-9A1E7A4F7556}") = "Test", "Test\Test.csproj", "{9B39CF22-3FCA-4033-AD84-F7D7F526FEC5}"
EndProject
Global
	GlobalSection(SolutionConfigurationPlatforms) = preSolution
		Debug|Any CPU = Debug|Any CPU
		Release|Any CPU = Release|Any CPU
	EndGlobalSection
	GlobalSection(ProjectConfigurationPlatforms) = postSolution
		{948844C0-7F18-4184-9498-2E5F4E4CEE9F}.Debug|Any CPU.ActiveCfg = Debug|Any CPU
		{948844C0-7F18-4184-9498-2E5F4E4CEE9F}.Debug|Any CPU.Build.0 = Debug|Any CPU
		{948844C0-7F18-4184-9498-2E5F4E4CEE9F}.Release|Any CPU.ActiveCfg = Release|Any CPU
		{948844C0-7F18-4184-9498-2E5F4E4CEE9F}.Release|Any CPU.Build.0 = Release|Any CPU
		{6B3BB64C-12D5-49D2-8425-38F50D67C9A2}.Debug|Any CPU.ActiveCfg = Debug|Any CPU
		{6B3BB64C-12D5-49D2-8425-38F50D67C9A2}.Debug|Any CPU.Build.0 = Debug|Any CPU
		{6B3BB64C-12D5-49D2-8425-38F50D67C9A2}.Release|Any CPU.ActiveCfg = Release|Any CPU
		{6B3BB64C-12D5-49D2-8425-38F50D67C9A2}.Release|Any CPU.Build.0 = Release|Any CPU
		{EA6C2250-6776-4D19-82D7-DD343BC6E3CD}.Debug|Any CPU.ActiveCfg = Debug|Any CPU
		{EA6C2250-6776-4D19-82D7-DD343BC6E3CD}.Debug|Any CPU.Build.0 = Debug|Any CPU
		{EA6C2250-6776-4D19-82D7-DD343BC6E3CD}.Release|Any CPU.ActiveCfg = Release|Any CPU
		{EA6C2250-6776-4D19-82D7-DD343BC6E3CD}.Release|Any CPU.Build.0 = Release|Any CPU
		{77FAE294-4B7D-40AE-8A66-FB368F20DA78}.Debug|Any CPU.ActiveCfg = Debug|Any CPU
		{77FAE294-4B7D-40AE-8A66-FB368F20DA78}.Debug|Any CPU.Build.0 = Debug|Any CPU
		{77FAE294-4B7D-40AE-8A66-FB368F20DA78}.Release|Any CPU.ActiveCfg = Release|Any CPU
		{77FAE294-4B7D-40AE-8A66-FB368F20DA78}.Release|Any CPU.Build.0 = Release|Any CPU
		{9B39CF22-3FCA-4033-AD84-F7D7F526FEC5}.Debug|Any CPU.ActiveCfg = Debug|Any CPU
		{9B39CF22-3FCA-4033-AD84-F7D7F526FEC5}.Debug|Any CPU.Build.0 = Debug|Any CPU
		{9B39CF22-3FCA-4033-AD84-F7D7F526FEC5}.Release|Any CPU.ActiveCfg = Release|Any CPU
		{9B39CF22-3FCA-4033-AD84-F7D7F526FEC5}.Release|Any CPU.Build.0 = Release|Any CPU
	EndGlobalSection
	GlobalSection(SolutionProperties) = preSolution
		HideSolutionNode = FALSE
	EndGlobalSection
	GlobalSection(ExtensibilityGlobals) = postSolution
		SolutionGuid = {CE12312B-FB61-479B-BAB5-B39F88ED7A85}
	EndGlobalSection
EndGlobal
